
Microsoft Visual Studio Solution File, Format Version 12.00
# Visual Studio 15
VisualStudioVersion = 15.0.26228.12
MinimumVisualStudioVersion = 10.0.40219.1
Project("{2150E333-8FDC-42A3-9474-1A3956D46DE8}") = "Core", "Core", "{9331BFB3-5284-42CA-A501-197048D60A75}"
EndProject
Project("{2150E333-8FDC-42A3-9474-1A3956D46DE8}") = "Storage", "Storage", "{3C7A8960-63B3-4292-944F-45156EDE27DD}"
EndProject
Project("{2150E333-8FDC-42A3-9474-1A3956D46DE8}") = "Commands", "Commands", "{5AD21E56-57B1-4613-BE11-660BECF47F90}"
EndProject
Project("{2150E333-8FDC-42A3-9474-1A3956D46DE8}") = "Domain", "Domain", "{CA37089B-164C-4263-A8AF-22FAD3B1412C}"
EndProject
Project("{2150E333-8FDC-42A3-9474-1A3956D46DE8}") = "Events", "Events", "{4D511ECB-3C5E-49B7-8216-E3E94BC022A1}"
EndProject
Project("{2150E333-8FDC-42A3-9474-1A3956D46DE8}") = "ReadModels", "ReadModels", "{8F81536E-3488-440F-923F-6BAEE0E6357E}"
EndProject
Project("{2150E333-8FDC-42A3-9474-1A3956D46DE8}") = "01-Infrasturcture", "01-Infrasturcture", "{D2C25DF4-33C9-403D-B156-7FC4F289A709}"
EndProject
Project("{FAE04EC0-301F-11D3-BF4B-00C04F79EFBC}") = "Atlas.Commands", "01-Infrastructure\Commands\Atlas.Commands\Atlas.Commands.csproj", "{FCB74506-4B74-4705-A2D9-5466485616B9}"
EndProject
Project("{FAE04EC0-301F-11D3-BF4B-00C04F79EFBC}") = "Atlas.CommandHandlers", "01-Infrastructure\Commands\Atlas.CommandHandlers\Atlas.CommandHandlers.csproj", "{A3110399-91AA-4829-8E3B-20AC5FC9E6FC}"
EndProject
Project("{FAE04EC0-301F-11D3-BF4B-00C04F79EFBC}") = "Atlas.Core", "01-Infrastructure\Core\Atlas.Core\Atlas.Core.csproj", "{06345E5E-A25C-4AD2-B94C-0694184E2709}"
EndProject
Project("{FAE04EC0-301F-11D3-BF4B-00C04F79EFBC}") = "Atlas.Core.Command", "01-Infrastructure\Core\Atlas.Core.Command\Atlas.Core.Command.csproj", "{7F274BAB-4380-4B86-8C1E-D23CC99E5BB8}"
EndProject
Project("{FAE04EC0-301F-11D3-BF4B-00C04F79EFBC}") = "Atlas.Core.Domain", "01-Infrastructure\Core\Atlas.Core.Domain\Atlas.Core.Domain.csproj", "{41896CF1-C067-43E9-B8C2-1583EC0B16E6}"
EndProject
Project("{FAE04EC0-301F-11D3-BF4B-00C04F79EFBC}") = "Atlas.Core.Event", "01-Infrastructure\Core\Atlas.Core.Event\Atlas.Core.Event.csproj", "{36ED008E-12DB-463E-9B1A-1C868377ED46}"
EndProject
Project("{FAE04EC0-301F-11D3-BF4B-00C04F79EFBC}") = "Atlas.Core.Exception", "01-Infrastructure\Core\Atlas.Core.Exception\Atlas.Core.Exception.csproj", "{27499ED9-1291-42D4-AF86-1FCD27268D59}"
EndProject
Project("{FAE04EC0-301F-11D3-BF4B-00C04F79EFBC}") = "Atlas.Domain", "01-Infrastructure\Domain\Atlas.Domain\Atlas.Domain.csproj", "{4BDBEE5C-F172-4B08-9FCC-8F89421F08F5}"
EndProject
Project("{FAE04EC0-301F-11D3-BF4B-00C04F79EFBC}") = "Atlas.EventHandlers", "01-Infrastructure\Events\Atlas.EventHandlers\Atlas.EventHandlers.csproj", "{94E3C236-54AF-453C-9C50-B34A866F6DC1}"
EndProject
Project("{FAE04EC0-301F-11D3-BF4B-00C04F79EFBC}") = "Atlas.Events", "01-Infrastructure\Events\Atlas.Events\Atlas.Events.csproj", "{7DA39B1F-99C4-464B-90CE-4F08F07E9ED5}"
EndProject
Project("{FAE04EC0-301F-11D3-BF4B-00C04F79EFBC}") = "Atlas.ReadModels", "01-Infrastructure\ReadModels\Atlas.ReadModels\Atlas.ReadModels.csproj", "{4D968F60-4736-4BF3-AF86-D4D5E76B0DE2}"
EndProject
Project("{FAE04EC0-301F-11D3-BF4B-00C04F79EFBC}") = "Atlas.Storage.Command", "01-Infrastructure\Storage\Atlas.Storage.Command\Atlas.Storage.Command.csproj", "{9F5DAB0B-7A74-486C-8ECA-6040C8C00CF7}"
EndProject
Project("{FAE04EC0-301F-11D3-BF4B-00C04F79EFBC}") = "Atlas.Storage.Event", "01-Infrastructure\Storage\Atlas.Storage.Event\Atlas.Storage.Event.csproj", "{0FFE5716-5FD9-4548-BB9D-7C3746622C43}"
EndProject
Project("{FAE04EC0-301F-11D3-BF4B-00C04F79EFBC}") = "Atlas.Storage.ReadSide", "01-Infrastructure\Storage\Atlas.Storage.ReadSide\Atlas.Storage.ReadSide.csproj", "{FF3EC0C6-D82B-4468-A70F-23FF8881533B}"
EndProject
Global
	GlobalSection(SolutionConfigurationPlatforms) = preSolution
		Debug|Any CPU = Debug|Any CPU
		Release|Any CPU = Release|Any CPU
	EndGlobalSection
	GlobalSection(ProjectConfigurationPlatforms) = postSolution
		{FCB74506-4B74-4705-A2D9-5466485616B9}.Debug|Any CPU.ActiveCfg = Debug|Any CPU
		{FCB74506-4B74-4705-A2D9-5466485616B9}.Debug|Any CPU.Build.0 = Debug|Any CPU
		{FCB74506-4B74-4705-A2D9-5466485616B9}.Release|Any CPU.ActiveCfg = Release|Any CPU
		{FCB74506-4B74-4705-A2D9-5466485616B9}.Release|Any CPU.Build.0 = Release|Any CPU
		{A3110399-91AA-4829-8E3B-20AC5FC9E6FC}.Debug|Any CPU.ActiveCfg = Debug|Any CPU
		{A3110399-91AA-4829-8E3B-20AC5FC9E6FC}.Debug|Any CPU.Build.0 = Debug|Any CPU
		{A3110399-91AA-4829-8E3B-20AC5FC9E6FC}.Release|Any CPU.ActiveCfg = Release|Any CPU
		{A3110399-91AA-4829-8E3B-20AC5FC9E6FC}.Release|Any CPU.Build.0 = Release|Any CPU
		{06345E5E-A25C-4AD2-B94C-0694184E2709}.Debug|Any CPU.ActiveCfg = Debug|Any CPU
		{06345E5E-A25C-4AD2-B94C-0694184E2709}.Debug|Any CPU.Build.0 = Debug|Any CPU
		{06345E5E-A25C-4AD2-B94C-0694184E2709}.Release|Any CPU.ActiveCfg = Release|Any CPU
		{06345E5E-A25C-4AD2-B94C-0694184E2709}.Release|Any CPU.Build.0 = Release|Any CPU
		{7F274BAB-4380-4B86-8C1E-D23CC99E5BB8}.Debug|Any CPU.ActiveCfg = Debug|Any CPU
		{7F274BAB-4380-4B86-8C1E-D23CC99E5BB8}.Debug|Any CPU.Build.0 = Debug|Any CPU
		{7F274BAB-4380-4B86-8C1E-D23CC99E5BB8}.Release|Any CPU.ActiveCfg = Release|Any CPU
		{7F274BAB-4380-4B86-8C1E-D23CC99E5BB8}.Release|Any CPU.Build.0 = Release|Any CPU
		{41896CF1-C067-43E9-B8C2-1583EC0B16E6}.Debug|Any CPU.ActiveCfg = Debug|Any CPU
		{41896CF1-C067-43E9-B8C2-1583EC0B16E6}.Debug|Any CPU.Build.0 = Debug|Any CPU
		{41896CF1-C067-43E9-B8C2-1583EC0B16E6}.Release|Any CPU.ActiveCfg = Release|Any CPU
		{41896CF1-C067-43E9-B8C2-1583EC0B16E6}.Release|Any CPU.Build.0 = Release|Any CPU
		{36ED008E-12DB-463E-9B1A-1C868377ED46}.Debug|Any CPU.ActiveCfg = Debug|Any CPU
		{36ED008E-12DB-463E-9B1A-1C868377ED46}.Debug|Any CPU.Build.0 = Debug|Any CPU
		{36ED008E-12DB-463E-9B1A-1C868377ED46}.Release|Any CPU.ActiveCfg = Release|Any CPU
		{36ED008E-12DB-463E-9B1A-1C868377ED46}.Release|Any CPU.Build.0 = Release|Any CPU
		{27499ED9-1291-42D4-AF86-1FCD27268D59}.Debug|Any CPU.ActiveCfg = Debug|Any CPU
		{27499ED9-1291-42D4-AF86-1FCD27268D59}.Debug|Any CPU.Build.0 = Debug|Any CPU
		{27499ED9-1291-42D4-AF86-1FCD27268D59}.Release|Any CPU.ActiveCfg = Release|Any CPU
		{27499ED9-1291-42D4-AF86-1FCD27268D59}.Release|Any CPU.Build.0 = Release|Any CPU
		{4BDBEE5C-F172-4B08-9FCC-8F89421F08F5}.Debug|Any CPU.ActiveCfg = Debug|Any CPU
		{4BDBEE5C-F172-4B08-9FCC-8F89421F08F5}.Debug|Any CPU.Build.0 = Debug|Any CPU
		{4BDBEE5C-F172-4B08-9FCC-8F89421F08F5}.Release|Any CPU.ActiveCfg = Release|Any CPU
		{4BDBEE5C-F172-4B08-9FCC-8F89421F08F5}.Release|Any CPU.Build.0 = Release|Any CPU
		{94E3C236-54AF-453C-9C50-B34A866F6DC1}.Debug|Any CPU.ActiveCfg = Debug|Any CPU
		{94E3C236-54AF-453C-9C50-B34A866F6DC1}.Debug|Any CPU.Build.0 = Debug|Any CPU
		{94E3C236-54AF-453C-9C50-B34A866F6DC1}.Release|Any CPU.ActiveCfg = Release|Any CPU
		{94E3C236-54AF-453C-9C50-B34A866F6DC1}.Release|Any CPU.Build.0 = Release|Any CPU
		{7DA39B1F-99C4-464B-90CE-4F08F07E9ED5}.Debug|Any CPU.ActiveCfg = Debug|Any CPU
		{7DA39B1F-99C4-464B-90CE-4F08F07E9ED5}.Debug|Any CPU.Build.0 = Debug|Any CPU
		{7DA39B1F-99C4-464B-90CE-4F08F07E9ED5}.Release|Any CPU.ActiveCfg = Release|Any CPU
		{7DA39B1F-99C4-464B-90CE-4F08F07E9ED5}.Release|Any CPU.Build.0 = Release|Any CPU
		{4D968F60-4736-4BF3-AF86-D4D5E76B0DE2}.Debug|Any CPU.ActiveCfg = Debug|Any CPU
		{4D968F60-4736-4BF3-AF86-D4D5E76B0DE2}.Debug|Any CPU.Build.0 = Debug|Any CPU
		{4D968F60-4736-4BF3-AF86-D4D5E76B0DE2}.Release|Any CPU.ActiveCfg = Release|Any CPU
		{4D968F60-4736-4BF3-AF86-D4D5E76B0DE2}.Release|Any CPU.Build.0 = Release|Any CPU
		{9F5DAB0B-7A74-486C-8ECA-6040C8C00CF7}.Debug|Any CPU.ActiveCfg = Debug|Any CPU
		{9F5DAB0B-7A74-486C-8ECA-6040C8C00CF7}.Debug|Any CPU.Build.0 = Debug|Any CPU
		{9F5DAB0B-7A74-486C-8ECA-6040C8C00CF7}.Release|Any CPU.ActiveCfg = Release|Any CPU
		{9F5DAB0B-7A74-486C-8ECA-6040C8C00CF7}.Release|Any CPU.Build.0 = Release|Any CPU
		{0FFE5716-5FD9-4548-BB9D-7C3746622C43}.Debug|Any CPU.ActiveCfg = Debug|Any CPU
		{0FFE5716-5FD9-4548-BB9D-7C3746622C43}.Debug|Any CPU.Build.0 = Debug|Any CPU
		{0FFE5716-5FD9-4548-BB9D-7C3746622C43}.Release|Any CPU.ActiveCfg = Release|Any CPU
		{0FFE5716-5FD9-4548-BB9D-7C3746622C43}.Release|Any CPU.Build.0 = Release|Any CPU
		{FF3EC0C6-D82B-4468-A70F-23FF8881533B}.Debug|Any CPU.ActiveCfg = Debug|Any CPU
		{FF3EC0C6-D82B-4468-A70F-23FF8881533B}.Debug|Any CPU.Build.0 = Debug|Any CPU
		{FF3EC0C6-D82B-4468-A70F-23FF8881533B}.Release|Any CPU.ActiveCfg = Release|Any CPU
		{FF3EC0C6-D82B-4468-A70F-23FF8881533B}.Release|Any CPU.Build.0 = Release|Any CPU
	EndGlobalSection
	GlobalSection(SolutionProperties) = preSolution
		HideSolutionNode = FALSE
	EndGlobalSection
	GlobalSection(NestedProjects) = preSolution
		{9331BFB3-5284-42CA-A501-197048D60A75} = {D2C25DF4-33C9-403D-B156-7FC4F289A709}
		{3C7A8960-63B3-4292-944F-45156EDE27DD} = {D2C25DF4-33C9-403D-B156-7FC4F289A709}
		{5AD21E56-57B1-4613-BE11-660BECF47F90} = {D2C25DF4-33C9-403D-B156-7FC4F289A709}
		{CA37089B-164C-4263-A8AF-22FAD3B1412C} = {D2C25DF4-33C9-403D-B156-7FC4F289A709}
		{4D511ECB-3C5E-49B7-8216-E3E94BC022A1} = {D2C25DF4-33C9-403D-B156-7FC4F289A709}
		{8F81536E-3488-440F-923F-6BAEE0E6357E} = {D2C25DF4-33C9-403D-B156-7FC4F289A709}
		{FCB74506-4B74-4705-A2D9-5466485616B9} = {5AD21E56-57B1-4613-BE11-660BECF47F90}
		{A3110399-91AA-4829-8E3B-20AC5FC9E6FC} = {5AD21E56-57B1-4613-BE11-660BECF47F90}
		{06345E5E-A25C-4AD2-B94C-0694184E2709} = {9331BFB3-5284-42CA-A501-197048D60A75}
		{7F274BAB-4380-4B86-8C1E-D23CC99E5BB8} = {9331BFB3-5284-42CA-A501-197048D60A75}
		{41896CF1-C067-43E9-B8C2-1583EC0B16E6} = {9331BFB3-5284-42CA-A501-197048D60A75}
		{36ED008E-12DB-463E-9B1A-1C868377ED46} = {9331BFB3-5284-42CA-A501-197048D60A75}
		{27499ED9-1291-42D4-AF86-1FCD27268D59} = {9331BFB3-5284-42CA-A501-197048D60A75}
		{4BDBEE5C-F172-4B08-9FCC-8F89421F08F5} = {CA37089B-164C-4263-A8AF-22FAD3B1412C}
		{94E3C236-54AF-453C-9C50-B34A866F6DC1} = {4D511ECB-3C5E-49B7-8216-E3E94BC022A1}
		{7DA39B1F-99C4-464B-90CE-4F08F07E9ED5} = {4D511ECB-3C5E-49B7-8216-E3E94BC022A1}
		{4D968F60-4736-4BF3-AF86-D4D5E76B0DE2} = {8F81536E-3488-440F-923F-6BAEE0E6357E}
		{9F5DAB0B-7A74-486C-8ECA-6040C8C00CF7} = {3C7A8960-63B3-4292-944F-45156EDE27DD}
		{0FFE5716-5FD9-4548-BB9D-7C3746622C43} = {3C7A8960-63B3-4292-944F-45156EDE27DD}
		{FF3EC0C6-D82B-4468-A70F-23FF8881533B} = {3C7A8960-63B3-4292-944F-45156EDE27DD}
	EndGlobalSection
EndGlobal
